
Microsoft Visual Studio Solution File, Format Version 12.00
# Visual Studio Version 17
VisualStudioVersion = 17.9.34728.123
MinimumVisualStudioVersion = 10.0.40219.1
Project("{FAE04EC0-301F-11D3-BF4B-00C04F79EFBC}") = "MyApi", "MyApi\MyApi.csproj", "{E6422242-3D41-4827-AA4B-A5840B523FD0}"
EndProject
Global
	GlobalSection(SolutionConfigurationPlatforms) = preSolution
		Debug|Any CPU = Debug|Any CPU
		Release|Any CPU = Release|Any CPU
	EndGlobalSection
	GlobalSection(ProjectConfigurationPlatforms) = postSolution
		{E6422242-3D41-4827-AA4B-A5840B523FD0}.Debug|Any CPU.ActiveCfg = Debug|Any CPU
		{E6422242-3D41-4827-AA4B-A5840B523FD0}.Debug|Any CPU.Build.0 = Debug|Any CPU
		{E6422242-3D41-4827-AA4B-A5840B523FD0}.Release|Any CPU.ActiveCfg = Release|Any CPU
		{E6422242-3D41-4827-AA4B-A5840B523FD0}.Release|Any CPU.Build.0 = Release|Any CPU
	EndGlobalSection
	GlobalSection(SolutionProperties) = preSolution
		HideSolutionNode = FALSE
	EndGlobalSection
	GlobalSection(ExtensibilityGlobals) = postSolution
		SolutionGuid = {20E2DEC9-1568-4DEC-90D0-BDA48FF3B34C}
	EndGlobalSection
EndGlobal
